{
  "name": "scv-buster",
  "version": "0.1.0",
  "lockfileVersion": 1,
  "requires": true,
  "dependencies": {
    "log-instance": {
      "version": "0.2.6",
      "resolved": "https://registry.npmjs.org/log-instance/-/log-instance-0.2.6.tgz",
      "integrity": "sha512-DLbzvF7jFtJxRrthnVdtXq3lXmbvzFl+JbpYYMZdVJa5kQUEg504eapmARM4ByBkKarp3PRW9OfrDWvaWH3xhQ=="
    },
    "merkle-json": {
      "version": "2.0.0",
      "resolved": "https://registry.npmjs.org/merkle-json/-/merkle-json-2.0.0.tgz",
      "integrity": "sha512-lt42h1Dt1xbcM5AAk6RW2h/yyyAXWLmX+D6LYC8RSniDdD+xgcxk44DhHPhJTLN2aP/s0KjvLEfX214GwYTBoA=="
    }
  }
}
